
Microsoft Visual Studio Solution File, Format Version 12.00
# Visual Studio 15
VisualStudioVersion = 15.0.27004.2005
MinimumVisualStudioVersion = 10.0.40219.1
Project("{A0786B88-2ADB-4C21-ABE8-AA2D79766269}") = "gittest", "gittest.phpproj", "{62FA5E3E-DD19-4BB5-95C8-99103433DD39}"
EndProject
Global
	GlobalSection(SolutionConfigurationPlatforms) = preSolution
		Debug|Any CPU = Debug|Any CPU
		Release|Any CPU = Release|Any CPU
	EndGlobalSection
	GlobalSection(ProjectConfigurationPlatforms) = postSolution
		{62FA5E3E-DD19-4BB5-95C8-99103433DD39}.Debug|Any CPU.ActiveCfg = Debug|Any CPU
		{62FA5E3E-DD19-4BB5-95C8-99103433DD39}.Release|Any CPU.ActiveCfg = Release|Any CPU
	EndGlobalSection
	GlobalSection(SolutionProperties) = preSolution
		HideSolutionNode = FALSE
	EndGlobalSection
	GlobalSection(ExtensibilityGlobals) = postSolution
		SolutionGuid = {EB26EDB6-8106-4856-BB5C-E74D969D5773}
	EndGlobalSection
EndGlobal
